{
  "lockfileVersion": 1,
  "configVersion": 1,
  "workspaces": {
    "": {
      "name": "tcs-coding-sheet-py",
      "dependencies": {
        "@typescript/native-preview": "^7.0.0-dev.20260321.1",
      },
      "devDependencies": {
        "@types/node": "^25.5.0",
      },
    },
  },
  "packages": {
    "@types/node": ["@types/node@25.5.0", "", { "dependencies": { "undici-types": "~7.18.0" } }, "sha512-jp2P3tQMSxWugkCUKLRPVUpGaL5MVFwF8RDuSRztfwgN1wmqJeMSbKlnEtQqU8UrhTmzEmZdu2I6v2dpp7XIxw=="],

    "@typescript/native-preview": ["@typescript/native-preview@7.0.0-dev.20260321.1", "", { "optionalDependencies": { "@typescript/native-preview-darwin-arm64": "7.0.0-dev.20260321.1", "@typescript/native-preview-darwin-x64": "7.0.0-dev.20260321.1", "@typescript/native-preview-linux-arm": "7.0.0-dev.20260321.1", "@typescript/native-preview-linux-arm64": "7.0.0-dev.20260321.1", "@typescript/native-preview-linux-x64": "7.0.0-dev.20260321.1", "@typescript/native-preview-win32-arm64": "7.0.0-dev.20260321.1", "@typescript/native-preview-win32-x64": "7.0.0-dev.20260321.1" }, "bin": { "tsgo": "bin/tsgo.js" } }, "sha512-uScJZRWRxyi1l4EWwOtuO88Gh8sUTi0itcI4oKlyNtXkqik4Y7EHfs1sfYPDuAEJO3cvW6bqohHjGx3mcXSZzQ=="],

    "@typescript/native-preview-darwin-arm64": ["@typescript/native-preview-darwin-arm64@7.0.0-dev.20260321.1", "", { "os": "darwin", "cpu": "arm64" }, "sha512-3LQP363bDCF/pmXqzhSCSkKXr1PpNl2elC167YFRPKRyJdrETiIwj3YAB8A6esn9D30pas5VLzfmeK/tUOf+6g=="],

    "@typescript/native-preview-darwin-x64": ["@typescript/native-preview-darwin-x64@7.0.0-dev.20260321.1", "", { "os": "darwin", "cpu": "x64" }, "sha512-gCoKiv415CROgl0K8hEV8Lw/zvbYriWWmD7VxvpiQiTRqQmHppVXhLtb2OrGaPcsqpoBdYeCJQHN4wnohAkNLA=="],

    "@typescript/native-preview-linux-arm": ["@typescript/native-preview-linux-arm@7.0.0-dev.20260321.1", "", { "os": "linux", "cpu": "arm" }, "sha512-QuAFR9eFQzuqtKTIaJ5XkNR4i5Q55b1SE7fUcIAS528aY9j+5P1cMpvJa8aOBCuRKxfMgV5UtamolZKGWWzaMw=="],

    "@typescript/native-preview-linux-arm64": ["@typescript/native-preview-linux-arm64@7.0.0-dev.20260321.1", "", { "os": "linux", "cpu": "arm64" }, "sha512-15z7UWt0PG870ktcUbaa0NogAjXIYT4pSFWlsc95u8+1aITrBTMQgqRih5qUH8bHke3eeYwbpjfXaU4gNmexvw=="],

    "@typescript/native-preview-linux-x64": ["@typescript/native-preview-linux-x64@7.0.0-dev.20260321.1", "", { "os": "linux", "cpu": "x64" }, "sha512-8yuzwkxQnNSpXjXK43Y5Pn6rBfNbJVIcd3Qh9n3Tzhgtr+lcoGgwgMvn8axnqaazkxIUB3PZuiGRcqr6XIq3LA=="],

    "@typescript/native-preview-win32-arm64": ["@typescript/native-preview-win32-arm64@7.0.0-dev.20260321.1", "", { "os": "win32", "cpu": "arm64" }, "sha512-fCUk/VElUjMFmE6iFAtsy5r7kLxeLggEHOTWuR0HGYIUQze6EyAdDFqMPFFxvbzpUyFQFpRfUa0I/Fa5tqKh8g=="],

    "@typescript/native-preview-win32-x64": ["@typescript/native-preview-win32-x64@7.0.0-dev.20260321.1", "", { "os": "win32", "cpu": "x64" }, "sha512-CWGyck7+sbNwOhcL+ObHhtKZe2/+Y6OZlEdWX2mHjpv8ef7ohUbPCdS94p+e7jbVY56w8NAce2Xx7ppn/C1Ucg=="],

    "undici-types": ["undici-types@7.18.2", "", {}, "sha512-AsuCzffGHJybSaRrmr5eHr81mwJU3kjw6M+uprWvCXiNeN9SOGwQ3Jn8jb8m3Z6izVgknn1R0FTCEAP2QrLY/w=="],
  }
}
