lockfileVersion: '9.0'

settings:
  autoInstallPeers: true
  excludeLinksFromLockfile: false

importers:

  .:
    dependencies:
      '@typescript/native-preview':
        specifier: ^7.0.0-dev.20260321.1
        version: 7.0.0-dev.20260323.1
    devDependencies:
      '@types/node':
        specifier: ^25.5.0
        version: 25.5.0

packages:

  '@types/node@25.5.0':
    resolution: {integrity: sha512-jp2P3tQMSxWugkCUKLRPVUpGaL5MVFwF8RDuSRztfwgN1wmqJeMSbKlnEtQqU8UrhTmzEmZdu2I6v2dpp7XIxw==}

  '@typescript/native-preview-darwin-arm64@7.0.0-dev.20260323.1':
    resolution: {integrity: sha512-C3tQdgMaYn57xzRUWek+zNKMiP0z9j7fqbCjr0wlyiLNIh5jMwDArjBDKHlqSu58FKvZg7baqbqB5Mcepb3s6w==}
    cpu: [arm64]
    os: [darwin]

  '@typescript/native-preview-darwin-x64@7.0.0-dev.20260323.1':
    resolution: {integrity: sha512-YE6pD4wdMqNgaBkXicQBLFwABOEmLxDclSM7grl0fw4cQSbfVwFCbSlwFDkmISKdmsgtWdYeMohrsTU710ufpg==}
    cpu: [x64]
    os: [darwin]

  '@typescript/native-preview-linux-arm64@7.0.0-dev.20260323.1':
    resolution: {integrity: sha512-Jzr2gBY0ifA3XejAl7kPeHLT72JFBfzLSafOAQbANh5Iag02uPl99k8ORMfKREbYgEMMOzqPpe+r6eaKy+VEfw==}
    cpu: [arm64]
    os: [linux]

  '@typescript/native-preview-linux-arm@7.0.0-dev.20260323.1':
    resolution: {integrity: sha512-6zFO/SF9Gu8rtRyEt1b10TNapQGq5b/wUjCLG14675n155r4EO3JFMgnltBViV2Eatnq7G+bXD65BUBk7Ixyhw==}
    cpu: [arm]
    os: [linux]

  '@typescript/native-preview-linux-x64@7.0.0-dev.20260323.1':
    resolution: {integrity: sha512-UvsQdVI/LayXTowltMgtg2GHU/a/lcuOYbaAYm9+/nvgIs01VqVo0s1/lTSNBzepEk0y1EOYQ6SIsRM9lLGHxA==}
    cpu: [x64]
    os: [linux]

  '@typescript/native-preview-win32-arm64@7.0.0-dev.20260323.1':
    resolution: {integrity: sha512-3208Xoe+3Xblf6WLVTkIdyh6401zB2eXAhu1UaDpZY0rf8SMHCxKW3TSJDytpri5UivCotZ0CNC2wgJ1TlymUA==}
    cpu: [arm64]
    os: [win32]

  '@typescript/native-preview-win32-x64@7.0.0-dev.20260323.1':
    resolution: {integrity: sha512-DAiRqrcs58eXwjFOtbklbIHq70IpW7uYz1Bx3kNAzqoWlA7R4mC29N6G0kGEZDalGmj7f0HVuckq9AzaC1r6oQ==}
    cpu: [x64]
    os: [win32]

  '@typescript/native-preview@7.0.0-dev.20260323.1':
    resolution: {integrity: sha512-e8rnqL5I4DUSjiy6jiWqYFKcgKq8tC4S+uEmJwWiyTgSIGDhaRUujJ2pb6EXmi+NPeXoES6vIG7e9BsEV0WSow==}
    hasBin: true

  undici-types@7.18.2:
    resolution: {integrity: sha512-AsuCzffGHJybSaRrmr5eHr81mwJU3kjw6M+uprWvCXiNeN9SOGwQ3Jn8jb8m3Z6izVgknn1R0FTCEAP2QrLY/w==}

snapshots:

  '@types/node@25.5.0':
    dependencies:
      undici-types: 7.18.2

  '@typescript/native-preview-darwin-arm64@7.0.0-dev.20260323.1':
    optional: true

  '@typescript/native-preview-darwin-x64@7.0.0-dev.20260323.1':
    optional: true

  '@typescript/native-preview-linux-arm64@7.0.0-dev.20260323.1':
    optional: true

  '@typescript/native-preview-linux-arm@7.0.0-dev.20260323.1':
    optional: true

  '@typescript/native-preview-linux-x64@7.0.0-dev.20260323.1':
    optional: true

  '@typescript/native-preview-win32-arm64@7.0.0-dev.20260323.1':
    optional: true

  '@typescript/native-preview-win32-x64@7.0.0-dev.20260323.1':
    optional: true

  '@typescript/native-preview@7.0.0-dev.20260323.1':
    optionalDependencies:
      '@typescript/native-preview-darwin-arm64': 7.0.0-dev.20260323.1
      '@typescript/native-preview-darwin-x64': 7.0.0-dev.20260323.1
      '@typescript/native-preview-linux-arm': 7.0.0-dev.20260323.1
      '@typescript/native-preview-linux-arm64': 7.0.0-dev.20260323.1
      '@typescript/native-preview-linux-x64': 7.0.0-dev.20260323.1
      '@typescript/native-preview-win32-arm64': 7.0.0-dev.20260323.1
      '@typescript/native-preview-win32-x64': 7.0.0-dev.20260323.1

  undici-types@7.18.2: {}
